
Microsoft Visual Studio Solution File, Format Version 12.00
# Visual Studio Version 16
VisualStudioVersion = 16.0.32002.261
MinimumVisualStudioVersion = 10.0.40219.1
Project("{FAE04EC0-301F-11D3-BF4B-00C04F79EFBC}") = "TesteGit", "TesteGit\TesteGit.csproj", "{B7B5613B-5F96-47A1-AB2C-B8F5DFCEEBC6}"
EndProject
Global
	GlobalSection(SolutionConfigurationPlatforms) = preSolution
		Debug|Any CPU = Debug|Any CPU
		Release|Any CPU = Release|Any CPU
	EndGlobalSection
	GlobalSection(ProjectConfigurationPlatforms) = postSolution
		{B7B5613B-5F96-47A1-AB2C-B8F5DFCEEBC6}.Debug|Any CPU.ActiveCfg = Debug|Any CPU
		{B7B5613B-5F96-47A1-AB2C-B8F5DFCEEBC6}.Debug|Any CPU.Build.0 = Debug|Any CPU
		{B7B5613B-5F96-47A1-AB2C-B8F5DFCEEBC6}.Release|Any CPU.ActiveCfg = Release|Any CPU
		{B7B5613B-5F96-47A1-AB2C-B8F5DFCEEBC6}.Release|Any CPU.Build.0 = Release|Any CPU
	EndGlobalSection
	GlobalSection(SolutionProperties) = preSolution
		HideSolutionNode = FALSE
	EndGlobalSection
	GlobalSection(ExtensibilityGlobals) = postSolution
		SolutionGuid = {76C08B61-B619-4684-AB07-E3A5CFADEA5C}
	EndGlobalSection
EndGlobal
